// !$*UTF8*$!
{
	archiveVersion = 1;
	classes = {
	};
	objectVersion = 55;
	objects = {

/* Begin PBXBuildFile section */
		FC34F57728C9803D00B97A95 /* TraveloggerApp.swift in Sources */ = {isa = PBXBuildFile; fileRef = FC34F56728C9803A00B97A95 /* TraveloggerApp.swift */; };
		FC34F57928C9803D00B97A95 /* HomePageView.swift in Sources */ = {isa = PBXBuildFile; fileRef = FC34F56828C9803A00B97A95 /* HomePageView.swift */; };
		FC34F57B28C9803D00B97A95 /* Assets.xcassets in Resources */ = {isa = PBXBuildFile; fileRef = FC34F56928C9803D00B97A95 /* Assets.xcassets */; };
		FC34F58828CA2A2C00B97A95 /* MapKit.framework in Frameworks */ = {isa = PBXBuildFile; fileRef = FC34F58728CA2A2C00B97A95 /* MapKit.framework */; };
		FC34F58A28CAA70900B97A95 /* AppData.swift in Sources */ = {isa = PBXBuildFile; fileRef = FC34F58928CAA70900B97A95 /* AppData.swift */; };
		FC34F58C28CAAA2500B97A95 /* VisitSelectionView.swift in Sources */ = {isa = PBXBuildFile; fileRef = FC34F58B28CAAA2500B97A95 /* VisitSelectionView.swift */; };
		FC34F58E28CAC5FD00B97A95 /* HelpView.swift in Sources */ = {isa = PBXBuildFile; fileRef = FC34F58D28CAC5FD00B97A95 /* HelpView.swift */; };
		FC34F59028CAC62A00B97A95 /* SettingsView.swift in Sources */ = {isa = PBXBuildFile; fileRef = FC34F58F28CAC62A00B97A95 /* SettingsView.swift */; };
		FC34F59228CAC65300B97A95 /* CollectionsView.swift in Sources */ = {isa = PBXBuildFile; fileRef = FC34F59128CAC65300B97A95 /* CollectionsView.swift */; };
		FC34F59428CAC67900B97A95 /* DirectionsView.swift in Sources */ = {isa = PBXBuildFile; fileRef = FC34F59328CAC67900B97A95 /* DirectionsView.swift */; };
		FC34F59828CB94E100B97A95 /* Visit.swift in Sources */ = {isa = PBXBuildFile; fileRef = FC34F59728CB94E100B97A95 /* Visit.swift */; };
		FC34F59E28CB990100B97A95 /* LogNewVisitView.swift in Sources */ = {isa = PBXBuildFile; fileRef = FC34F59D28CB990100B97A95 /* LogNewVisitView.swift */; };
		FC34F5A028D3374500B97A95 /* HomeButtonView.swift in Sources */ = {isa = PBXBuildFile; fileRef = FC34F59F28D3374500B97A95 /* HomeButtonView.swift */; };
/* End PBXBuildFile section */

/* Begin PBXFileReference section */
		FC34F56728C9803A00B97A95 /* TraveloggerApp.swift */ = {isa = PBXFileReference; lastKnownFileType = sourcecode.swift; path = TraveloggerApp.swift; sourceTree = "<group>"; };
		FC34F56828C9803A00B97A95 /* HomePageView.swift */ = {isa = PBXFileReference; lastKnownFileType = sourcecode.swift; path = HomePageView.swift; sourceTree = "<group>"; };
		FC34F56928C9803D00B97A95 /* Assets.xcassets */ = {isa = PBXFileReference; lastKnownFileType = folder.assetcatalog; path = Assets.xcassets; sourceTree = "<group>"; };
		FC34F56E28C9803D00B97A95 /* Travelogger.app */ = {isa = PBXFileReference; explicitFileType = wrapper.application; includeInIndex = 0; path = Travelogger.app; sourceTree = BUILT_PRODUCTS_DIR; };
		FC34F58528CA2A2C00B97A95 /* Travelogger--iOS--Info.plist */ = {isa = PBXFileReference; lastKnownFileType = text.plist; path = "Travelogger--iOS--Info.plist"; sourceTree = "<group>"; };
		FC34F58728CA2A2C00B97A95 /* MapKit.framework */ = {isa = PBXFileReference; lastKnownFileType = wrapper.framework; name = MapKit.framework; path = Platforms/iPhoneOS.platform/Developer/SDKs/iPhoneOS15.5.sdk/System/Library/Frameworks/MapKit.framework; sourceTree = DEVELOPER_DIR; };
		FC34F58928CAA70900B97A95 /* AppData.swift */ = {isa = PBXFileReference; lastKnownFileType = sourcecode.swift; path = AppData.swift; sourceTree = "<group>"; };
		FC34F58B28CAAA2500B97A95 /* VisitSelectionView.swift */ = {isa = PBXFileReference; lastKnownFileType = sourcecode.swift; path = VisitSelectionView.swift; sourceTree = "<group>"; };
		FC34F58D28CAC5FD00B97A95 /* HelpView.swift */ = {isa = PBXFileReference; lastKnownFileType = sourcecode.swift; path = HelpView.swift; sourceTree = "<group>"; };
		FC34F58F28CAC62A00B97A95 /* SettingsView.swift */ = {isa = PBXFileReference; lastKnownFileType = sourcecode.swift; path = SettingsView.swift; sourceTree = "<group>"; };
		FC34F59128CAC65300B97A95 /* CollectionsView.swift */ = {isa = PBXFileReference; lastKnownFileType = sourcecode.swift; path = CollectionsView.swift; sourceTree = "<group>"; };
		FC34F59328CAC67900B97A95 /* DirectionsView.swift */ = {isa = PBXFileReference; lastKnownFileType = sourcecode.swift; path = DirectionsView.swift; sourceTree = "<group>"; };
		FC34F59728CB94E100B97A95 /* Visit.swift */ = {isa = PBXFileReference; lastKnownFileType = sourcecode.swift; path = Visit.swift; sourceTree = "<group>"; };
		FC34F59D28CB990100B97A95 /* LogNewVisitView.swift */ = {isa = PBXFileReference; lastKnownFileType = sourcecode.swift; path = LogNewVisitView.swift; sourceTree = "<group>"; };
		FC34F59F28D3374500B97A95 /* HomeButtonView.swift */ = {isa = PBXFileReference; lastKnownFileType = sourcecode.swift; path = HomeButtonView.swift; sourceTree = "<group>"; };
/* End PBXFileReference section */

/* Begin PBXFrameworksBuildPhase section */
		FC34F56B28C9803D00B97A95 /* Frameworks */ = {
			isa = PBXFrameworksBuildPhase;
			buildActionMask = 2147483647;
			files = (
				FC34F58828CA2A2C00B97A95 /* MapKit.framework in Frameworks */,
			);
			runOnlyForDeploymentPostprocessing = 0;
		};
/* End PBXFrameworksBuildPhase section */

/* Begin PBXGroup section */
		FC34F56128C9803A00B97A95 = {
			isa = PBXGroup;
			children = (
				FC34F58528CA2A2C00B97A95 /* Travelogger--iOS--Info.plist */,
				FC34F56628C9803A00B97A95 /* Shared */,
				FC34F56F28C9803D00B97A95 /* Products */,
				FC34F58628CA2A2C00B97A95 /* Frameworks */,
			);
			sourceTree = "<group>";
			usesTabs = 1;
		};
		FC34F56628C9803A00B97A95 /* Shared */ = {
			isa = PBXGroup;
			children = (
				FC34F56728C9803A00B97A95 /* TraveloggerApp.swift */,
				FC34F58928CAA70900B97A95 /* AppData.swift */,
				FC34F56828C9803A00B97A95 /* HomePageView.swift */,
				FC34F59F28D3374500B97A95 /* HomeButtonView.swift */,
				FC34F59628CB94C700B97A95 /* Data Types */,
				FC34F59528CAC6B400B97A95 /* Transition Views */,
				FC34F58D28CAC5FD00B97A95 /* HelpView.swift */,
				FC34F58F28CAC62A00B97A95 /* SettingsView.swift */,
				FC34F59128CAC65300B97A95 /* CollectionsView.swift */,
				FC34F59328CAC67900B97A95 /* DirectionsView.swift */,
				FC34F56928C9803D00B97A95 /* Assets.xcassets */,
			);
			path = Shared;
			sourceTree = "<group>";
		};
		FC34F56F28C9803D00B97A95 /* Products */ = {
			isa = PBXGroup;
			children = (
				FC34F56E28C9803D00B97A95 /* Travelogger.app */,
			);
			name = Products;
			sourceTree = "<group>";
		};
		FC34F58628CA2A2C00B97A95 /* Frameworks */ = {
			isa = PBXGroup;
			children = (
				FC34F58728CA2A2C00B97A95 /* MapKit.framework */,
			);
			name = Frameworks;
			sourceTree = "<group>";
		};
		FC34F59528CAC6B400B97A95 /* Transition Views */ = {
			isa = PBXGroup;
			children = (
				FC34F58B28CAAA2500B97A95 /* VisitSelectionView.swift */,
				FC34F59D28CB990100B97A95 /* LogNewVisitView.swift */,
			);
			path = "Transition Views";
			sourceTree = "<group>";
		};
		FC34F59628CB94C700B97A95 /* Data Types */ = {
			isa = PBXGroup;
			children = (
				FC34F59728CB94E100B97A95 /* Visit.swift */,
			);
			path = "Data Types";
			sourceTree = "<group>";
		};
/* End PBXGroup section */

/* Begin PBXNativeTarget section */
		FC34F56D28C9803D00B97A95 /* Travelogger (iOS) */ = {
			isa = PBXNativeTarget;
			buildConfigurationList = FC34F57F28C9803D00B97A95 /* Build configuration list for PBXNativeTarget "Travelogger (iOS)" */;
			buildPhases = (
				FC34F56A28C9803D00B97A95 /* Sources */,
				FC34F56B28C9803D00B97A95 /* Frameworks */,
				FC34F56C28C9803D00B97A95 /* Resources */,
			);
			buildRules = (
			);
			dependencies = (
			);
			name = "Travelogger (iOS)";
			productName = "Travelogger (iOS)";
			productReference = FC34F56E28C9803D00B97A95 /* Travelogger.app */;
			productType = "com.apple.product-type.application";
		};
/* End PBXNativeTarget section */

/* Begin PBXProject section */
		FC34F56228C9803A00B97A95 /* Project object */ = {
			isa = PBXProject;
			attributes = {
				BuildIndependentTargetsInParallel = 1;
				LastSwiftUpdateCheck = 1340;
				LastUpgradeCheck = 1340;
				TargetAttributes = {
					FC34F56D28C9803D00B97A95 = {
						CreatedOnToolsVersion = 13.4.1;
					};
				};
			};
			buildConfigurationList = FC34F56528C9803A00B97A95 /* Build configuration list for PBXProject "Travelogger" */;
			compatibilityVersion = "Xcode 13.0";
			developmentRegion = en;
			hasScannedForEncodings = 0;
			knownRegions = (
				en,
				Base,
			);
			mainGroup = FC34F56128C9803A00B97A95;
			productRefGroup = FC34F56F28C9803D00B97A95 /* Products */;
			projectDirPath = "";
			projectRoot = "";
			targets = (
				FC34F56D28C9803D00B97A95 /* Travelogger (iOS) */,
			);
		};
/* End PBXProject section */

/* Begin PBXResourcesBuildPhase section */
		FC34F56C28C9803D00B97A95 /* Resources */ = {
			isa = PBXResourcesBuildPhase;
			buildActionMask = 2147483647;
			files = (
				FC34F57B28C9803D00B97A95 /* Assets.xcassets in Resources */,
			);
			runOnlyForDeploymentPostprocessing = 0;
		};
/* End PBXResourcesBuildPhase section */

/* Begin PBXSourcesBuildPhase section */
		FC34F56A28C9803D00B97A95 /* Sources */ = {
			isa = PBXSourcesBuildPhase;
			buildActionMask = 2147483647;
			files = (
				FC34F57928C9803D00B97A95 /* HomePageView.swift in Sources */,
				FC34F5A028D3374500B97A95 /* HomeButtonView.swift in Sources */,
				FC34F59228CAC65300B97A95 /* CollectionsView.swift in Sources */,
				FC34F59428CAC67900B97A95 /* DirectionsView.swift in Sources */,
				FC34F57728C9803D00B97A95 /* TraveloggerApp.swift in Sources */,
				FC34F58C28CAAA2500B97A95 /* VisitSelectionView.swift in Sources */,
				FC34F59028CAC62A00B97A95 /* SettingsView.swift in Sources */,
				FC34F58E28CAC5FD00B97A95 /* HelpView.swift in Sources */,
				FC34F58A28CAA70900B97A95 /* AppData.swift in Sources */,
				FC34F59E28CB990100B97A95 /* LogNewVisitView.swift in Sources */,
				FC34F59828CB94E100B97A95 /* Visit.swift in Sources */,
			);
			runOnlyForDeploymentPostprocessing = 0;
		};
/* End PBXSourcesBuildPhase section */

/* Begin XCBuildConfiguration section */
		FC34F57D28C9803D00B97A95 /* Debug */ = {
			isa = XCBuildConfiguration;
			buildSettings = {
				ALWAYS_SEARCH_USER_PATHS = NO;
				CLANG_ANALYZER_NONNULL = YES;
				CLANG_ANALYZER_NUMBER_OBJECT_CONVERSION = YES_AGGRESSIVE;
				CLANG_CXX_LANGUAGE_STANDARD = "gnu++17";
				CLANG_ENABLE_MODULES = YES;
				CLANG_ENABLE_OBJC_ARC = YES;
				CLANG_ENABLE_OBJC_WEAK = YES;
				CLANG_WARN_BLOCK_CAPTURE_AUTORELEASING = YES;
				CLANG_WARN_BOOL_CONVERSION = YES;
				CLANG_WARN_COMMA = YES;
				CLANG_WARN_CONSTANT_CONVERSION = YES;
				CLANG_WARN_DEPRECATED_OBJC_IMPLEMENTATIONS = YES;
				CLANG_WARN_DIRECT_OBJC_ISA_USAGE = YES_ERROR;
				CLANG_WARN_DOCUMENTATION_COMMENTS = YES;
				CLANG_WARN_EMPTY_BODY = YES;
				CLANG_WARN_ENUM_CONVERSION = YES;
				CLANG_WARN_INFINITE_RECURSION = YES;
				CLANG_WARN_INT_CONVERSION = YES;
				CLANG_WARN_NON_LITERAL_NULL_CONVERSION = YES;
				CLANG_WARN_OBJC_IMPLICIT_RETAIN_SELF = YES;
				CLANG_WARN_OBJC_LITERAL_CONVERSION = YES;
				CLANG_WARN_OBJC_ROOT_CLASS = YES_ERROR;
				CLANG_WARN_QUOTED_INCLUDE_IN_FRAMEWORK_HEADER = YES;
				CLANG_WARN_RANGE_LOOP_ANALYSIS = YES;
				CLANG_WARN_STRICT_PROTOTYPES = YES;
				CLANG_WARN_SUSPICIOUS_MOVE = YES;
				CLANG_WARN_UNGUARDED_AVAILABILITY = YES_AGGRESSIVE;
				CLANG_WARN_UNREACHABLE_CODE = YES;
				CLANG_WARN__DUPLICATE_METHOD_MATCH = YES;
				COPY_PHASE_STRIP = NO;
				DEBUG_INFORMATION_FORMAT = dwarf;
				ENABLE_STRICT_OBJC_MSGSEND = YES;
				ENABLE_TESTABILITY = YES;
				GCC_C_LANGUAGE_STANDARD = gnu11;
				GCC_DYNAMIC_NO_PIC = NO;
				GCC_NO_COMMON_BLOCKS = YES;
				GCC_OPTIMIZATION_LEVEL = 0;
				GCC_PREPROCESSOR_DEFINITIONS = (
					"DEBUG=1",
					"$(inherited)",
				);
				GCC_WARN_64_TO_32_BIT_CONVERSION = YES;
				GCC_WARN_ABOUT_RETURN_TYPE = YES_ERROR;
				GCC_WARN_UNDECLARED_SELECTOR = YES;
				GCC_WARN_UNINITIALIZED_AUTOS = YES_AGGRESSIVE;
				GCC_WARN_UNUSED_FUNCTION = YES;
				GCC_WARN_UNUSED_VARIABLE = YES;
				MTL_ENABLE_DEBUG_INFO = INCLUDE_SOURCE;
				MTL_FAST_MATH = YES;
				ONLY_ACTIVE_ARCH = YES;
				SWIFT_ACTIVE_COMPILATION_CONDITIONS = DEBUG;
				SWIFT_OPTIMIZATION_LEVEL = "-Onone";
			};
			name = Debug;
		};
		FC34F57E28C9803D00B97A95 /* Release */ = {
			isa = XCBuildConfiguration;
			buildSettings = {
				ALWAYS_SEARCH_USER_PATHS = NO;
				CLANG_ANALYZER_NONNULL = YES;
				CLANG_ANALYZER_NUMBER_OBJECT_CONVERSION = YES_AGGRESSIVE;
				CLANG_CXX_LANGUAGE_STANDARD = "gnu++17";
				CLANG_ENABLE_MODULES = YES;
				CLANG_ENABLE_OBJC_ARC = YES;
				CLANG_ENABLE_OBJC_WEAK = YES;
				CLANG_WARN_BLOCK_CAPTURE_AUTORELEASING = YES;
				CLANG_WARN_BOOL_CONVERSION = YES;
				CLANG_WARN_COMMA = YES;
				CLANG_WARN_CONSTANT_CONVERSION = YES;
				CLANG_WARN_DEPRECATED_OBJC_IMPLEMENTATIONS = YES;
				CLANG_WARN_DIRECT_OBJC_ISA_USAGE = YES_ERROR;
				CLANG_WARN_DOCUMENTATION_COMMENTS = YES;
				CLANG_WARN_EMPTY_BODY = YES;
				CLANG_WARN_ENUM_CONVERSION = YES;
				CLANG_WARN_INFINITE_RECURSION = YES;
				CLANG_WARN_INT_CONVERSION = YES;
				CLANG_WARN_NON_LITERAL_NULL_CONVERSION = YES;
				CLANG_WARN_OBJC_IMPLICIT_RETAIN_SELF = YES;
				CLANG_WARN_OBJC_LITERAL_CONVERSION = YES;
				CLANG_WARN_OBJC_ROOT_CLASS = YES_ERROR;
				CLANG_WARN_QUOTED_INCLUDE_IN_FRAMEWORK_HEADER = YES;
				CLANG_WARN_RANGE_LOOP_ANALYSIS = YES;
				CLANG_WARN_STRICT_PROTOTYPES = YES;
				CLANG_WARN_SUSPICIOUS_MOVE = YES;
				CLANG_WARN_UNGUARDED_AVAILABILITY = YES_AGGRESSIVE;
				CLANG_WARN_UNREACHABLE_CODE = YES;
				CLANG_WARN__DUPLICATE_METHOD_MATCH = YES;
				COPY_PHASE_STRIP = NO;
				DEBUG_INFORMATION_FORMAT = "dwarf-with-dsym";
				ENABLE_NS_ASSERTIONS = NO;
				ENABLE_STRICT_OBJC_MSGSEND = YES;
				GCC_C_LANGUAGE_STANDARD = gnu11;
				GCC_NO_COMMON_BLOCKS = YES;
				GCC_WARN_64_TO_32_BIT_CONVERSION = YES;
				GCC_WARN_ABOUT_RETURN_TYPE = YES_ERROR;
				GCC_WARN_UNDECLARED_SELECTOR = YES;
				GCC_WARN_UNINITIALIZED_AUTOS = YES_AGGRESSIVE;
				GCC_WARN_UNUSED_FUNCTION = YES;
				GCC_WARN_UNUSED_VARIABLE = YES;
				MTL_ENABLE_DEBUG_INFO = NO;
				MTL_FAST_MATH = YES;
				SWIFT_COMPILATION_MODE = wholemodule;
				SWIFT_OPTIMIZATION_LEVEL = "-O";
			};
			name = Release;
		};
		FC34F58028C9803D00B97A95 /* Debug */ = {
			isa = XCBuildConfiguration;
			buildSettings = {
				ASSETCATALOG_COMPILER_APPICON_NAME = AppIcon;
				ASSETCATALOG_COMPILER_GLOBAL_ACCENT_COLOR_NAME = AccentColor;
				CODE_SIGN_STYLE = Automatic;
				CURRENT_PROJECT_VERSION = 1;
				DEVELOPMENT_TEAM = S74PR3C25V;
				ENABLE_PREVIEWS = YES;
				GENERATE_INFOPLIST_FILE = YES;
				INFOPLIST_FILE = "Travelogger--iOS--Info.plist";
				INFOPLIST_KEY_UIApplicationSceneManifest_Generation = YES;
				INFOPLIST_KEY_UIApplicationSupportsIndirectInputEvents = YES;
				INFOPLIST_KEY_UILaunchScreen_Generation = YES;
				INFOPLIST_KEY_UIStatusBarHidden = NO;
				INFOPLIST_KEY_UISupportedInterfaceOrientations = UIInterfaceOrientationPortrait;
				INFOPLIST_KEY_UISupportedInterfaceOrientations_iPad = "UIInterfaceOrientationPortrait UIInterfaceOrientationPortraitUpsideDown UIInterfaceOrientationLandscapeLeft UIInterfaceOrientationLandscapeRight";
				INFOPLIST_KEY_UISupportedInterfaceOrientations_iPhone = "UIInterfaceOrientationPortrait UIInterfaceOrientationLandscapeLeft UIInterfaceOrientationLandscapeRight";
				IPHONEOS_DEPLOYMENT_TARGET = 15.5;
				LD_RUNPATH_SEARCH_PATHS = (
					"$(inherited)",
					"@executable_path/Frameworks",
				);
				MARKETING_VERSION = 1.0;
				PRODUCT_BUNDLE_IDENTIFIER = djkramer314.Travelogger;
				PRODUCT_NAME = Travelogger;
				SDKROOT = iphoneos;
				SWIFT_EMIT_LOC_STRINGS = YES;
				SWIFT_VERSION = 5.0;
				TARGETED_DEVICE_FAMILY = 1;
			};
			name = Debug;
		};
		FC34F58128C9803D00B97A95 /* Release */ = {
			isa = XCBuildConfiguration;
			buildSettings = {
				ASSETCATALOG_COMPILER_APPICON_NAME = AppIcon;
				ASSETCATALOG_COMPILER_GLOBAL_ACCENT_COLOR_NAME = AccentColor;
				CODE_SIGN_STYLE = Automatic;
				CURRENT_PROJECT_VERSION = 1;
				DEVELOPMENT_TEAM = S74PR3C25V;
				ENABLE_PREVIEWS = YES;
				GENERATE_INFOPLIST_FILE = YES;
				INFOPLIST_FILE = "Travelogger--iOS--Info.plist";
				INFOPLIST_KEY_UIApplicationSceneManifest_Generation = YES;
				INFOPLIST_KEY_UIApplicationSupportsIndirectInputEvents = YES;
				INFOPLIST_KEY_UILaunchScreen_Generation = YES;
				INFOPLIST_KEY_UIStatusBarHidden = NO;
				INFOPLIST_KEY_UISupportedInterfaceOrientations = UIInterfaceOrientationPortrait;
				INFOPLIST_KEY_UISupportedInterfaceOrientations_iPad = "UIInterfaceOrientationPortrait UIInterfaceOrientationPortraitUpsideDown UIInterfaceOrientationLandscapeLeft UIInterfaceOrientationLandscapeRight";
				INFOPLIST_KEY_UISupportedInterfaceOrientations_iPhone = "UIInterfaceOrientationPortrait UIInterfaceOrientationLandscapeLeft UIInterfaceOrientationLandscapeRight";
				IPHONEOS_DEPLOYMENT_TARGET = 15.5;
				LD_RUNPATH_SEARCH_PATHS = (
					"$(inherited)",
					"@executable_path/Frameworks",
				);
				MARKETING_VERSION = 1.0;
				PRODUCT_BUNDLE_IDENTIFIER = djkramer314.Travelogger;
				PRODUCT_NAME = Travelogger;
				SDKROOT = iphoneos;
				SWIFT_EMIT_LOC_STRINGS = YES;
				SWIFT_VERSION = 5.0;
				TARGETED_DEVICE_FAMILY = 1;
				VALIDATE_PRODUCT = YES;
			};
			name = Release;
		};
/* End XCBuildConfiguration section */

/* Begin XCConfigurationList section */
		FC34F56528C9803A00B97A95 /* Build configuration list for PBXProject "Travelogger" */ = {
			isa = XCConfigurationList;
			buildConfigurations = (
				FC34F57D28C9803D00B97A95 /* Debug */,
				FC34F57E28C9803D00B97A95 /* Release */,
			);
			defaultConfigurationIsVisible = 0;
			defaultConfigurationName = Release;
		};
		FC34F57F28C9803D00B97A95 /* Build configuration list for PBXNativeTarget "Travelogger (iOS)" */ = {
			isa = XCConfigurationList;
			buildConfigurations = (
				FC34F58028C9803D00B97A95 /* Debug */,
				FC34F58128C9803D00B97A95 /* Release */,
			);
			defaultConfigurationIsVisible = 0;
			defaultConfigurationName = Release;
		};
/* End XCConfigurationList section */
	};
	rootObject = FC34F56228C9803A00B97A95 /* Project object */;
}
